
Microsoft Visual Studio Solution File, Format Version 12.00
# Visual Studio 15
VisualStudioVersion = 15.0.26124.0
MinimumVisualStudioVersion = 15.0.26124.0
Project("{2150E333-8FDC-42A3-9474-1A3956D46DE8}") = "src", "src", "{2D6E4100-4D3A-4208-B233-028D93207ECA}"
EndProject
Project("{FAE04EC0-301F-11D3-BF4B-00C04F79EFBC}") = "Cpr.Data", "src\Cpr.Data\Cpr.Data.csproj", "{33C78378-A916-44B1-8753-5A9E8DA585C1}"
EndProject
Project("{FAE04EC0-301F-11D3-BF4B-00C04F79EFBC}") = "Cpr.Domain", "src\Cpr.Domain\Cpr.Domain.csproj", "{208F16A0-A621-4909-B54D-054AE6B59A14}"
EndProject
Project("{FAE04EC0-301F-11D3-BF4B-00C04F79EFBC}") = "Cpr.Web", "src\Cpr.Web\Cpr.Web.csproj", "{A899AFD6-F841-4194-8F21-90E675C66F61}"
EndProject
Project("{FAE04EC0-301F-11D3-BF4B-00C04F79EFBC}") = "Cpr.DI", "src\Cpr.DI\Cpr.DI.csproj", "{0D5450F1-9497-49A9-B5E7-4DB33A67A944}"
EndProject
Global
	GlobalSection(SolutionConfigurationPlatforms) = preSolution
		Debug|Any CPU = Debug|Any CPU
		Debug|x64 = Debug|x64
		Debug|x86 = Debug|x86
		Release|Any CPU = Release|Any CPU
		Release|x64 = Release|x64
		Release|x86 = Release|x86
	EndGlobalSection
	GlobalSection(SolutionProperties) = preSolution
		HideSolutionNode = FALSE
	EndGlobalSection
	GlobalSection(ProjectConfigurationPlatforms) = postSolution
		{33C78378-A916-44B1-8753-5A9E8DA585C1}.Debug|Any CPU.ActiveCfg = Debug|Any CPU
		{33C78378-A916-44B1-8753-5A9E8DA585C1}.Debug|Any CPU.Build.0 = Debug|Any CPU
		{33C78378-A916-44B1-8753-5A9E8DA585C1}.Debug|x64.ActiveCfg = Debug|Any CPU
		{33C78378-A916-44B1-8753-5A9E8DA585C1}.Debug|x64.Build.0 = Debug|Any CPU
		{33C78378-A916-44B1-8753-5A9E8DA585C1}.Debug|x86.ActiveCfg = Debug|Any CPU
		{33C78378-A916-44B1-8753-5A9E8DA585C1}.Debug|x86.Build.0 = Debug|Any CPU
		{33C78378-A916-44B1-8753-5A9E8DA585C1}.Release|Any CPU.ActiveCfg = Release|Any CPU
		{33C78378-A916-44B1-8753-5A9E8DA585C1}.Release|Any CPU.Build.0 = Release|Any CPU
		{33C78378-A916-44B1-8753-5A9E8DA585C1}.Release|x64.ActiveCfg = Release|Any CPU
		{33C78378-A916-44B1-8753-5A9E8DA585C1}.Release|x64.Build.0 = Release|Any CPU
		{33C78378-A916-44B1-8753-5A9E8DA585C1}.Release|x86.ActiveCfg = Release|Any CPU
		{33C78378-A916-44B1-8753-5A9E8DA585C1}.Release|x86.Build.0 = Release|Any CPU
		{208F16A0-A621-4909-B54D-054AE6B59A14}.Debug|Any CPU.ActiveCfg = Debug|Any CPU
		{208F16A0-A621-4909-B54D-054AE6B59A14}.Debug|Any CPU.Build.0 = Debug|Any CPU
		{208F16A0-A621-4909-B54D-054AE6B59A14}.Debug|x64.ActiveCfg = Debug|Any CPU
		{208F16A0-A621-4909-B54D-054AE6B59A14}.Debug|x64.Build.0 = Debug|Any CPU
		{208F16A0-A621-4909-B54D-054AE6B59A14}.Debug|x86.ActiveCfg = Debug|Any CPU
		{208F16A0-A621-4909-B54D-054AE6B59A14}.Debug|x86.Build.0 = Debug|Any CPU
		{208F16A0-A621-4909-B54D-054AE6B59A14}.Release|Any CPU.ActiveCfg = Release|Any CPU
		{208F16A0-A621-4909-B54D-054AE6B59A14}.Release|Any CPU.Build.0 = Release|Any CPU
		{208F16A0-A621-4909-B54D-054AE6B59A14}.Release|x64.ActiveCfg = Release|Any CPU
		{208F16A0-A621-4909-B54D-054AE6B59A14}.Release|x64.Build.0 = Release|Any CPU
		{208F16A0-A621-4909-B54D-054AE6B59A14}.Release|x86.ActiveCfg = Release|Any CPU
		{208F16A0-A621-4909-B54D-054AE6B59A14}.Release|x86.Build.0 = Release|Any CPU
		{A899AFD6-F841-4194-8F21-90E675C66F61}.Debug|Any CPU.ActiveCfg = Debug|Any CPU
		{A899AFD6-F841-4194-8F21-90E675C66F61}.Debug|Any CPU.Build.0 = Debug|Any CPU
		{A899AFD6-F841-4194-8F21-90E675C66F61}.Debug|x64.ActiveCfg = Debug|Any CPU
		{A899AFD6-F841-4194-8F21-90E675C66F61}.Debug|x64.Build.0 = Debug|Any CPU
		{A899AFD6-F841-4194-8F21-90E675C66F61}.Debug|x86.ActiveCfg = Debug|Any CPU
		{A899AFD6-F841-4194-8F21-90E675C66F61}.Debug|x86.Build.0 = Debug|Any CPU
		{A899AFD6-F841-4194-8F21-90E675C66F61}.Release|Any CPU.ActiveCfg = Release|Any CPU
		{A899AFD6-F841-4194-8F21-90E675C66F61}.Release|Any CPU.Build.0 = Release|Any CPU
		{A899AFD6-F841-4194-8F21-90E675C66F61}.Release|x64.ActiveCfg = Release|Any CPU
		{A899AFD6-F841-4194-8F21-90E675C66F61}.Release|x64.Build.0 = Release|Any CPU
		{A899AFD6-F841-4194-8F21-90E675C66F61}.Release|x86.ActiveCfg = Release|Any CPU
		{A899AFD6-F841-4194-8F21-90E675C66F61}.Release|x86.Build.0 = Release|Any CPU
		{0D5450F1-9497-49A9-B5E7-4DB33A67A944}.Debug|Any CPU.ActiveCfg = Debug|Any CPU
		{0D5450F1-9497-49A9-B5E7-4DB33A67A944}.Debug|Any CPU.Build.0 = Debug|Any CPU
		{0D5450F1-9497-49A9-B5E7-4DB33A67A944}.Debug|x64.ActiveCfg = Debug|Any CPU
		{0D5450F1-9497-49A9-B5E7-4DB33A67A944}.Debug|x64.Build.0 = Debug|Any CPU
		{0D5450F1-9497-49A9-B5E7-4DB33A67A944}.Debug|x86.ActiveCfg = Debug|Any CPU
		{0D5450F1-9497-49A9-B5E7-4DB33A67A944}.Debug|x86.Build.0 = Debug|Any CPU
		{0D5450F1-9497-49A9-B5E7-4DB33A67A944}.Release|Any CPU.ActiveCfg = Release|Any CPU
		{0D5450F1-9497-49A9-B5E7-4DB33A67A944}.Release|Any CPU.Build.0 = Release|Any CPU
		{0D5450F1-9497-49A9-B5E7-4DB33A67A944}.Release|x64.ActiveCfg = Release|Any CPU
		{0D5450F1-9497-49A9-B5E7-4DB33A67A944}.Release|x64.Build.0 = Release|Any CPU
		{0D5450F1-9497-49A9-B5E7-4DB33A67A944}.Release|x86.ActiveCfg = Release|Any CPU
		{0D5450F1-9497-49A9-B5E7-4DB33A67A944}.Release|x86.Build.0 = Release|Any CPU
	EndGlobalSection
	GlobalSection(NestedProjects) = preSolution
		{33C78378-A916-44B1-8753-5A9E8DA585C1} = {2D6E4100-4D3A-4208-B233-028D93207ECA}
		{208F16A0-A621-4909-B54D-054AE6B59A14} = {2D6E4100-4D3A-4208-B233-028D93207ECA}
		{A899AFD6-F841-4194-8F21-90E675C66F61} = {2D6E4100-4D3A-4208-B233-028D93207ECA}
		{0D5450F1-9497-49A9-B5E7-4DB33A67A944} = {2D6E4100-4D3A-4208-B233-028D93207ECA}
	EndGlobalSection
EndGlobal
